
Microsoft Visual Studio Solution File, Format Version 12.00
# Visual Studio 2012
Project("{2150E333-8FDC-42A3-9474-1A3956D46DE8}") = "ASPPatternsc02", "ASPPatternsc02", "{487E3ECA-112B-4ADA-8ED4-01629EEADF2E}"
EndProject
Project("{FAE04EC0-301F-11D3-BF4B-00C04F79EFBC}") = "ASPPatterns.Chap2.Service", "ASPPatternsc02\ASPPatterns.Chap2\ASPPatterns.Chap2.Service\ASPPatterns.Chap2.Service.csproj", "{07D10248-472A-49F9-8D8C-D2E43EB79929}"
EndProject
Project("{FAE04EC0-301F-11D3-BF4B-00C04F79EFBC}") = "ASPPatterns.Chap2.Tests", "ASPPatternsc02\ASPPatterns.Chap2\ASPPatterns.Chap2.Tests\ASPPatterns.Chap2.Tests.csproj", "{EF58E1C0-030D-40BD-8A3D-0D02E0BDB790}"
EndProject
Project("{2150E333-8FDC-42A3-9474-1A3956D46DE8}") = "ASPPatternsc03", "ASPPatternsc03", "{D25DBCD5-AE26-4435-9FAC-648223FB5F67}"
EndProject
Project("{2150E333-8FDC-42A3-9474-1A3956D46DE8}") = "ASPPatterns.Chap3.SmartUI", "ASPPatterns.Chap3.SmartUI", "{7437E0A7-1EDF-45A3-8E6E-D7491A93D3C5}"
EndProject
Project("{FAE04EC0-301F-11D3-BF4B-00C04F79EFBC}") = "ASPPatterns.Chap3.SmartUI.Web", "ASPPatternsc03\ASPPatterns.Chap3.SmartUI\ASPPatterns.Chap3.SmartUI.Web\ASPPatterns.Chap3.SmartUI.Web.csproj", "{0E1D67A3-6532-4AF6-9740-CA94D6CD178D}"
EndProject
Project("{2150E333-8FDC-42A3-9474-1A3956D46DE8}") = "ASPPatterns.Chap3.Layered", "ASPPatterns.Chap3.Layered", "{2063CC40-2C93-43B7-A9FC-ADF6AE4E62E4}"
EndProject
Project("{FAE04EC0-301F-11D3-BF4B-00C04F79EFBC}") = "ASPPatterns.Chap3.Layered.Model", "ASPPatternsc03\ASPPatterns.Chap3.Layered\ASPPatterns.Chap3.Layered.Model\ASPPatterns.Chap3.Layered.Model.csproj", "{CCECB5C5-DFCC-4DF0-914D-83B3877DFC47}"
EndProject
Project("{FAE04EC0-301F-11D3-BF4B-00C04F79EFBC}") = "ASPPatterns.Chap3.Layered.Presentation", "ASPPatternsc03\ASPPatterns.Chap3.Layered\ASPPatterns.Chap3.Layered.Presentation\ASPPatterns.Chap3.Layered.Presentation.csproj", "{DD2C7FDA-105D-467F-B539-233CC30BDB47}"
EndProject
Project("{FAE04EC0-301F-11D3-BF4B-00C04F79EFBC}") = "ASPPatterns.Chap3.Layered.Repository", "ASPPatternsc03\ASPPatterns.Chap3.Layered\ASPPatterns.Chap3.Layered.Repository\ASPPatterns.Chap3.Layered.Repository.csproj", "{975807EE-4DF3-480D-8DBE-2D8F29264A9E}"
EndProject
Project("{FAE04EC0-301F-11D3-BF4B-00C04F79EFBC}") = "ASPPatterns.Chap3.Layered.Service", "ASPPatternsc03\ASPPatterns.Chap3.Layered\ASPPatterns.Chap3.Layered.Service\ASPPatterns.Chap3.Layered.Service.csproj", "{F5EFAA47-D858-453B-A405-DE624BF7DD01}"
EndProject
Project("{FAE04EC0-301F-11D3-BF4B-00C04F79EFBC}") = "ASPPatterns.Chap3.Layered.Specifications", "ASPPatternsc03\ASPPatterns.Chap3.Layered\ASPPatterns.Chap3.Layered.Specifications\ASPPatterns.Chap3.Layered.Specifications.csproj", "{5FB90082-5435-4C43-8EF6-811888F89C64}"
EndProject
Project("{FAE04EC0-301F-11D3-BF4B-00C04F79EFBC}") = "ASPPatterns.Chap3.Layered.WebUI", "ASPPatternsc03\ASPPatterns.Chap3.Layered\ASPPatterns.Chap3.Layered.WebUI\ASPPatterns.Chap3.Layered.WebUI.csproj", "{BDD54F11-10F4-49AC-81D1-D9BEB45BE26C}"
EndProject
Project("{2150E333-8FDC-42A3-9474-1A3956D46DE8}") = "1. Data Access Layer", "1. Data Access Layer", "{CA768091-348E-4E52-8E05-951F3926F6C3}"
EndProject
Project("{2150E333-8FDC-42A3-9474-1A3956D46DE8}") = "2. Business Logic Layer", "2. Business Logic Layer", "{2938CE5C-4018-4650-8209-6192D8DC98AE}"
EndProject
Project("{2150E333-8FDC-42A3-9474-1A3956D46DE8}") = "3. Service Layer", "3. Service Layer", "{5CDE9E0B-FF2E-4A14-8AB2-2FC3969918EA}"
EndProject
Project("{2150E333-8FDC-42A3-9474-1A3956D46DE8}") = "4. Presentation Layer", "4. Presentation Layer", "{77DE9EFB-AABA-4CBC-98AF-F790A3AE8BFB}"
EndProject
Project("{2150E333-8FDC-42A3-9474-1A3956D46DE8}") = "5. User Experience Layer", "5. User Experience Layer", "{939BFDD7-DAA1-4E53-AC2B-11042E038D56}"
EndProject
Project("{2150E333-8FDC-42A3-9474-1A3956D46DE8}") = "tests", "tests", "{17470196-8F52-4D78-9F5E-3FB53CCB0D43}"
EndProject
Global
	GlobalSection(SolutionConfigurationPlatforms) = preSolution
		Debug|Any CPU = Debug|Any CPU
		Release|Any CPU = Release|Any CPU
	EndGlobalSection
	GlobalSection(ProjectConfigurationPlatforms) = postSolution
		{07D10248-472A-49F9-8D8C-D2E43EB79929}.Debug|Any CPU.ActiveCfg = Debug|Any CPU
		{07D10248-472A-49F9-8D8C-D2E43EB79929}.Debug|Any CPU.Build.0 = Debug|Any CPU
		{07D10248-472A-49F9-8D8C-D2E43EB79929}.Release|Any CPU.ActiveCfg = Release|Any CPU
		{07D10248-472A-49F9-8D8C-D2E43EB79929}.Release|Any CPU.Build.0 = Release|Any CPU
		{EF58E1C0-030D-40BD-8A3D-0D02E0BDB790}.Debug|Any CPU.ActiveCfg = Debug|Any CPU
		{EF58E1C0-030D-40BD-8A3D-0D02E0BDB790}.Debug|Any CPU.Build.0 = Debug|Any CPU
		{EF58E1C0-030D-40BD-8A3D-0D02E0BDB790}.Release|Any CPU.ActiveCfg = Release|Any CPU
		{EF58E1C0-030D-40BD-8A3D-0D02E0BDB790}.Release|Any CPU.Build.0 = Release|Any CPU
		{0E1D67A3-6532-4AF6-9740-CA94D6CD178D}.Debug|Any CPU.ActiveCfg = Debug|Any CPU
		{0E1D67A3-6532-4AF6-9740-CA94D6CD178D}.Debug|Any CPU.Build.0 = Debug|Any CPU
		{0E1D67A3-6532-4AF6-9740-CA94D6CD178D}.Release|Any CPU.ActiveCfg = Release|Any CPU
		{0E1D67A3-6532-4AF6-9740-CA94D6CD178D}.Release|Any CPU.Build.0 = Release|Any CPU
		{CCECB5C5-DFCC-4DF0-914D-83B3877DFC47}.Debug|Any CPU.ActiveCfg = Debug|Any CPU
		{CCECB5C5-DFCC-4DF0-914D-83B3877DFC47}.Debug|Any CPU.Build.0 = Debug|Any CPU
		{CCECB5C5-DFCC-4DF0-914D-83B3877DFC47}.Release|Any CPU.ActiveCfg = Release|Any CPU
		{CCECB5C5-DFCC-4DF0-914D-83B3877DFC47}.Release|Any CPU.Build.0 = Release|Any CPU
		{DD2C7FDA-105D-467F-B539-233CC30BDB47}.Debug|Any CPU.ActiveCfg = Debug|Any CPU
		{DD2C7FDA-105D-467F-B539-233CC30BDB47}.Debug|Any CPU.Build.0 = Debug|Any CPU
		{DD2C7FDA-105D-467F-B539-233CC30BDB47}.Release|Any CPU.ActiveCfg = Release|Any CPU
		{DD2C7FDA-105D-467F-B539-233CC30BDB47}.Release|Any CPU.Build.0 = Release|Any CPU
		{975807EE-4DF3-480D-8DBE-2D8F29264A9E}.Debug|Any CPU.ActiveCfg = Debug|Any CPU
		{975807EE-4DF3-480D-8DBE-2D8F29264A9E}.Debug|Any CPU.Build.0 = Debug|Any CPU
		{975807EE-4DF3-480D-8DBE-2D8F29264A9E}.Release|Any CPU.ActiveCfg = Release|Any CPU
		{975807EE-4DF3-480D-8DBE-2D8F29264A9E}.Release|Any CPU.Build.0 = Release|Any CPU
		{F5EFAA47-D858-453B-A405-DE624BF7DD01}.Debug|Any CPU.ActiveCfg = Debug|Any CPU
		{F5EFAA47-D858-453B-A405-DE624BF7DD01}.Debug|Any CPU.Build.0 = Debug|Any CPU
		{F5EFAA47-D858-453B-A405-DE624BF7DD01}.Release|Any CPU.ActiveCfg = Release|Any CPU
		{F5EFAA47-D858-453B-A405-DE624BF7DD01}.Release|Any CPU.Build.0 = Release|Any CPU
		{5FB90082-5435-4C43-8EF6-811888F89C64}.Debug|Any CPU.ActiveCfg = Debug|Any CPU
		{5FB90082-5435-4C43-8EF6-811888F89C64}.Debug|Any CPU.Build.0 = Debug|Any CPU
		{5FB90082-5435-4C43-8EF6-811888F89C64}.Release|Any CPU.ActiveCfg = Release|Any CPU
		{5FB90082-5435-4C43-8EF6-811888F89C64}.Release|Any CPU.Build.0 = Release|Any CPU
		{BDD54F11-10F4-49AC-81D1-D9BEB45BE26C}.Debug|Any CPU.ActiveCfg = Debug|Any CPU
		{BDD54F11-10F4-49AC-81D1-D9BEB45BE26C}.Debug|Any CPU.Build.0 = Debug|Any CPU
		{BDD54F11-10F4-49AC-81D1-D9BEB45BE26C}.Release|Any CPU.ActiveCfg = Release|Any CPU
		{BDD54F11-10F4-49AC-81D1-D9BEB45BE26C}.Release|Any CPU.Build.0 = Release|Any CPU
	EndGlobalSection
	GlobalSection(SolutionProperties) = preSolution
		HideSolutionNode = FALSE
	EndGlobalSection
	GlobalSection(NestedProjects) = preSolution
		{07D10248-472A-49F9-8D8C-D2E43EB79929} = {487E3ECA-112B-4ADA-8ED4-01629EEADF2E}
		{EF58E1C0-030D-40BD-8A3D-0D02E0BDB790} = {487E3ECA-112B-4ADA-8ED4-01629EEADF2E}
		{7437E0A7-1EDF-45A3-8E6E-D7491A93D3C5} = {D25DBCD5-AE26-4435-9FAC-648223FB5F67}
		{2063CC40-2C93-43B7-A9FC-ADF6AE4E62E4} = {D25DBCD5-AE26-4435-9FAC-648223FB5F67}
		{0E1D67A3-6532-4AF6-9740-CA94D6CD178D} = {7437E0A7-1EDF-45A3-8E6E-D7491A93D3C5}
		{CA768091-348E-4E52-8E05-951F3926F6C3} = {2063CC40-2C93-43B7-A9FC-ADF6AE4E62E4}
		{2938CE5C-4018-4650-8209-6192D8DC98AE} = {2063CC40-2C93-43B7-A9FC-ADF6AE4E62E4}
		{5CDE9E0B-FF2E-4A14-8AB2-2FC3969918EA} = {2063CC40-2C93-43B7-A9FC-ADF6AE4E62E4}
		{77DE9EFB-AABA-4CBC-98AF-F790A3AE8BFB} = {2063CC40-2C93-43B7-A9FC-ADF6AE4E62E4}
		{939BFDD7-DAA1-4E53-AC2B-11042E038D56} = {2063CC40-2C93-43B7-A9FC-ADF6AE4E62E4}
		{17470196-8F52-4D78-9F5E-3FB53CCB0D43} = {2063CC40-2C93-43B7-A9FC-ADF6AE4E62E4}
		{975807EE-4DF3-480D-8DBE-2D8F29264A9E} = {CA768091-348E-4E52-8E05-951F3926F6C3}
		{CCECB5C5-DFCC-4DF0-914D-83B3877DFC47} = {2938CE5C-4018-4650-8209-6192D8DC98AE}
		{F5EFAA47-D858-453B-A405-DE624BF7DD01} = {5CDE9E0B-FF2E-4A14-8AB2-2FC3969918EA}
		{DD2C7FDA-105D-467F-B539-233CC30BDB47} = {77DE9EFB-AABA-4CBC-98AF-F790A3AE8BFB}
		{BDD54F11-10F4-49AC-81D1-D9BEB45BE26C} = {939BFDD7-DAA1-4E53-AC2B-11042E038D56}
		{5FB90082-5435-4C43-8EF6-811888F89C64} = {17470196-8F52-4D78-9F5E-3FB53CCB0D43}
	EndGlobalSection
EndGlobal
